<?xml version="1.0" encoding="utf-8"?>
<Project ToolsVersion="14.0" xmlns="http://schemas.microsoft.com/developer/msbuild/2003">
  <ItemGroup>
    <ClCompile Include="dllmain.cpp" />
    <ClCompile Include="Utils\Utils.cpp">
      <Filter>Utils</Filter>
    </ClCompile>
    <ClCompile Include="Core\CServerDriver.cpp">
      <Filter>Core</Filter>
    </ClCompile>
    <ClCompile Include="Leap\CLeapFrame.cpp">
      <Filter>Leap</Filter>
    </ClCompile>
    <ClCompile Include="Leap\CLeapHand.cpp">
      <Filter>Leap</Filter>
    </ClCompile>
    <ClCompile Include="Leap\CLeapPoller.cpp">
      <Filter>Leap</Filter>
    </ClCompile>
    <ClCompile Include="Controller\CControllerButton.cpp">
      <Filter>Controller</Filter>
    </ClCompile>
    <ClCompile Include="Controller\CLeapIndexController.cpp">
      <Filter>Controller</Filter>
    </ClCompile>
    <ClCompile Include="Controller\CJoyconInput.cpp">
      <Filter>Controller</Filter>
    </ClCompile>
  </ItemGroup>
  <ItemGroup>
    <ClInclude Include="Utils\Utils.h">
      <Filter>Utils</Filter>
    </ClInclude>
    <ClInclude Include="Core\CServerDriver.h">
      <Filter>Core</Filter>
    </ClInclude>
    <ClInclude Include="Leap\CLeapFrame.h">
      <Filter>Leap</Filter>
    </ClInclude>
    <ClInclude Include="Leap\CLeapHand.h">
      <Filter>Leap</Filter>
    </ClInclude>
    <ClInclude Include="Leap\CLeapPoller.h">
      <Filter>Leap</Filter>
    </ClInclude>
    <ClInclude Include="Controller\CControllerButton.h">
      <Filter>Controller</Filter>
    </ClInclude>
    <ClInclude Include="Controller\CLeapIndexController.h">
      <Filter>Controller</Filter>
    </ClInclude>
    <ClInclude Include="Controller\CJoyconInput.h">
      <Filter>Controller</Filter>
    </ClInclude>
  </ItemGroup>
  <ItemGroup>
    <Filter Include="Core">
      <UniqueIdentifier>{839b3e7e-6f9e-49a2-b8e7-c8c40d0cd982}</UniqueIdentifier>
    </Filter>
    <Filter Include="Utils">
      <UniqueIdentifier>{b03c9f12-ff59-41c2-addf-e0d1c366d73a}</UniqueIdentifier>
    </Filter>
    <Filter Include="Leap">
      <UniqueIdentifier>{32d26d56-e07f-41de-aa44-3e0d88c9f835}</UniqueIdentifier>
    </Filter>
    <Filter Include="Controller">
      <UniqueIdentifier>{5709dbc5-cf75-4243-a691-22f7d553f0da}</UniqueIdentifier>
    </Filter>
  </ItemGroup>
</Project>